{
  "name": "@mousetool/mousexml",
  "version": "1.0.2",
  "lockfileVersion": 2,
  "requires": true,
  "packages": {
    "": {
      "name": "@mousetool/mousexml",
      "version": "1.0.2",
      "license": "MIT",
      "dependencies": {
        "@mousetool/class": "^1.0.0",
        "@mousetool/linkedlist": "^1.0.1",
        "@mousetool/ordered-table": "^1.0.1"
      },
      "devDependencies": {
        "@mousetool/onelua": "^1.1.0",
        "@mousetool/tfm-vscode": "^2.0.0"
      }
    },
    "node_modules/@mousetool/class": {
      "version": "1.0.0",
      "resolved": "https://npm.pkg.github.com/download/@mousetool/class/1.0.0/33d0651cf6073d899c45e134820fe55944a4cc550e8a8502ceed5d456e0e1434",
      "integrity": "sha512-m22QXgyNOWcBreEejr9P9Us+BQ7DCtbwtoI3ls72w00zjg4I11r9yQ024MI0zz7yNlQXdhqO1GztG3BYd4thSg==",
      "license": "MIT"
    },
    "node_modules/@mousetool/linkedlist": {
      "version": "1.0.1",
      "resolved": "https://npm.pkg.github.com/download/@mousetool/linkedlist/1.0.1/b495c3730f969a93b190c8a3c05745e8ab1de5785dcf795081018941a20cdae4",
      "integrity": "sha512-F5+GHSvnsLgxQykBbXiiHJVyA0PmSZMuEUuiK8rE6iYf1bBiwcwgLDTYhv+xOWodEuL5F5pjP90K8WSUfzdK0g==",
      "license": "MIT"
    },
    "node_modules/@mousetool/onelua": {
      "version": "1.1.0",
      "resolved": "https://npm.pkg.github.com/download/@mousetool/onelua/1.1.0/66669145f2ac91ab1a282c214db514f1807d198b2b7c322209834534bb2d8341",
      "integrity": "sha512-Xz7nwcGaRWcGQidpuVKmlc5FdBxl5omYwRpQTFeQWQMLG01T2urD7ll590bnl7v5ZKudJQrnXDGXOjf6GrF4BQ==",
      "dev": true,
      "license": "MIT",
      "dependencies": {
        "argparse": "^2.0.1",
        "decache": "^4.6.0",
        "luamin": "^1.0.4",
        "luaparse": "^0.2.1"
      },
      "bin": {
        "onelua": "cli.js"
      }
    },
    "node_modules/@mousetool/ordered-table": {
      "version": "1.0.1",
      "resolved": "https://npm.pkg.github.com/download/@mousetool/ordered-table/1.0.1/873196ef5b31d53bfb4b9f8d3f30ad7b85f0784852e12ac25cb052d6782e385c",
      "integrity": "sha512-BzLon8OMx2Q30OGeEBF0Mo114cAFLwd6sZ1bZUU+U8WXKF993T/dNsvy3xFL0UUKWl+myR0gFbmTiUoLVYQ1FA==",
      "license": "MIT"
    },
    "node_modules/@mousetool/tfm-vscode": {
      "version": "2.0.0",
      "resolved": "https://npm.pkg.github.com/download/@mousetool/tfm-vscode/2.0.0/25a9c9bf8f57ac950bc236fe5b4c9054630e41a84900057c4f3893e3627225d5",
      "integrity": "sha512-O+cgsBPqbaDhwlY3pWkiIdT6MJBVwjkCKqfc/Lu25habxGlDVHXEH8vH3pAXK7bhjdl0jsbnS81ohjg+7Q8OSw==",
      "dev": true,
      "license": "MIT"
    },
    "node_modules/argparse": {
      "version": "2.0.1",
      "resolved": "https://registry.npmjs.org/argparse/-/argparse-2.0.1.tgz",
      "integrity": "sha512-8+9WqebbFzpX9OR+Wa6O29asIogeRMzcGtAINdpMHHyAg10f05aSFVBbcEqGf/PXw1EjAZ+q2/bEBg3DvurK3Q==",
      "dev": true
    },
    "node_modules/callsite": {
      "version": "1.0.0",
      "resolved": "https://registry.npmjs.org/callsite/-/callsite-1.0.0.tgz",
      "integrity": "sha1-KAOY5dZkvXQDi28JBRU+borxvCA=",
      "dev": true,
      "engines": {
        "node": "*"
      }
    },
    "node_modules/decache": {
      "version": "4.6.0",
      "resolved": "https://registry.npmjs.org/decache/-/decache-4.6.0.tgz",
      "integrity": "sha512-PppOuLiz+DFeaUvFXEYZjLxAkKiMYH/do/b/MxpDe/8AgKBi5GhZxridoVIbBq72GDbL36e4p0Ce2jTGUwwU+w==",
      "dev": true,
      "dependencies": {
        "callsite": "^1.0.0"
      }
    },
    "node_modules/luamin": {
      "version": "1.0.4",
      "resolved": "https://registry.npmjs.org/luamin/-/luamin-1.0.4.tgz",
      "integrity": "sha1-lEUptY/G+k0x6s4uA1PUEhDw49M=",
      "dev": true,
      "dependencies": {
        "luaparse": "^0.2.1"
      },
      "bin": {
        "luamin": "bin/luamin"
      }
    },
    "node_modules/luaparse": {
      "version": "0.2.1",
      "resolved": "https://registry.npmjs.org/luaparse/-/luaparse-0.2.1.tgz",
      "integrity": "sha1-qo9WEysN6X0388mRqd9C4OF/ZWw=",
      "dev": true,
      "bin": {
        "luaparse": "bin/luaparse"
      }
    }
  },
  "dependencies": {
    "@mousetool/class": {
      "version": "1.0.0",
      "resolved": "https://npm.pkg.github.com/download/@mousetool/class/1.0.0/33d0651cf6073d899c45e134820fe55944a4cc550e8a8502ceed5d456e0e1434",
      "integrity": "sha512-m22QXgyNOWcBreEejr9P9Us+BQ7DCtbwtoI3ls72w00zjg4I11r9yQ024MI0zz7yNlQXdhqO1GztG3BYd4thSg=="
    },
    "@mousetool/linkedlist": {
      "version": "1.0.1",
      "resolved": "https://npm.pkg.github.com/download/@mousetool/linkedlist/1.0.1/b495c3730f969a93b190c8a3c05745e8ab1de5785dcf795081018941a20cdae4",
      "integrity": "sha512-F5+GHSvnsLgxQykBbXiiHJVyA0PmSZMuEUuiK8rE6iYf1bBiwcwgLDTYhv+xOWodEuL5F5pjP90K8WSUfzdK0g=="
    },
    "@mousetool/onelua": {
      "version": "1.1.0",
      "resolved": "https://npm.pkg.github.com/download/@mousetool/onelua/1.1.0/66669145f2ac91ab1a282c214db514f1807d198b2b7c322209834534bb2d8341",
      "integrity": "sha512-Xz7nwcGaRWcGQidpuVKmlc5FdBxl5omYwRpQTFeQWQMLG01T2urD7ll590bnl7v5ZKudJQrnXDGXOjf6GrF4BQ==",
      "dev": true,
      "requires": {
        "argparse": "^2.0.1",
        "decache": "^4.6.0",
        "luamin": "^1.0.4",
        "luaparse": "^0.2.1"
      }
    },
    "@mousetool/ordered-table": {
      "version": "1.0.1",
      "resolved": "https://npm.pkg.github.com/download/@mousetool/ordered-table/1.0.1/873196ef5b31d53bfb4b9f8d3f30ad7b85f0784852e12ac25cb052d6782e385c",
      "integrity": "sha512-BzLon8OMx2Q30OGeEBF0Mo114cAFLwd6sZ1bZUU+U8WXKF993T/dNsvy3xFL0UUKWl+myR0gFbmTiUoLVYQ1FA=="
    },
    "@mousetool/tfm-vscode": {
      "version": "2.0.0",
      "resolved": "https://npm.pkg.github.com/download/@mousetool/tfm-vscode/2.0.0/25a9c9bf8f57ac950bc236fe5b4c9054630e41a84900057c4f3893e3627225d5",
      "integrity": "sha512-O+cgsBPqbaDhwlY3pWkiIdT6MJBVwjkCKqfc/Lu25habxGlDVHXEH8vH3pAXK7bhjdl0jsbnS81ohjg+7Q8OSw==",
      "dev": true
    },
    "argparse": {
      "version": "2.0.1",
      "resolved": "https://registry.npmjs.org/argparse/-/argparse-2.0.1.tgz",
      "integrity": "sha512-8+9WqebbFzpX9OR+Wa6O29asIogeRMzcGtAINdpMHHyAg10f05aSFVBbcEqGf/PXw1EjAZ+q2/bEBg3DvurK3Q==",
      "dev": true
    },
    "callsite": {
      "version": "1.0.0",
      "resolved": "https://registry.npmjs.org/callsite/-/callsite-1.0.0.tgz",
      "integrity": "sha1-KAOY5dZkvXQDi28JBRU+borxvCA=",
      "dev": true
    },
    "decache": {
      "version": "4.6.0",
      "resolved": "https://registry.npmjs.org/decache/-/decache-4.6.0.tgz",
      "integrity": "sha512-PppOuLiz+DFeaUvFXEYZjLxAkKiMYH/do/b/MxpDe/8AgKBi5GhZxridoVIbBq72GDbL36e4p0Ce2jTGUwwU+w==",
      "dev": true,
      "requires": {
        "callsite": "^1.0.0"
      }
    },
    "luamin": {
      "version": "1.0.4",
      "resolved": "https://registry.npmjs.org/luamin/-/luamin-1.0.4.tgz",
      "integrity": "sha1-lEUptY/G+k0x6s4uA1PUEhDw49M=",
      "dev": true,
      "requires": {
        "luaparse": "^0.2.1"
      }
    },
    "luaparse": {
      "version": "0.2.1",
      "resolved": "https://registry.npmjs.org/luaparse/-/luaparse-0.2.1.tgz",
      "integrity": "sha1-qo9WEysN6X0388mRqd9C4OF/ZWw=",
      "dev": true
    }
  }
}
